{
  "version": 4,
  "terraform_version": "1.11.3",
  "serial": 25,
  "lineage": "f073f32b-fc47-1c59-2f55-6cc493fcc921",
  "outputs": {
    "web_server_1_ip": {
      "value": "51.250.8.96",
      "type": "string"
    },
    "web_server_2_ip": {
      "value": "158.160.119.150",
      "type": "string"
    }
  },
  "resources": [
    {
      "mode": "managed",
      "type": "yandex_alb_backend_group",
      "name": "app_backend_group",
      "provider": "provider[\"terraform-registry.storage.yandexcloud.net/yandex-cloud/yandex\"]",
      "instances": [
        {
          "schema_version": 0,
          "attributes": {
            "created_at": "2025-04-23T10:25:13Z",
            "description": "",
            "folder_id": "b1guhh4d4f99j0neotvs",
            "grpc_backend": [],
            "http_backend": [
              {
                "healthcheck": [
                  {
                    "grpc_healthcheck": [],
                    "healthcheck_port": 80,
                    "healthy_threshold": 0,
                    "http_healthcheck": [
                      {
                        "host": "",
                        "http2": false,
                        "path": "/"
                      }
                    ],
                    "interval": "1s",
                    "interval_jitter_percent": 0,
                    "stream_healthcheck": [],
                    "timeout": "1s",
                    "unhealthy_threshold": 0
                  }
                ],
                "http2": false,
                "load_balancing_config": [
                  {
                    "locality_aware_routing_percent": 0,
                    "panic_threshold": 50,
                    "strict_locality": false
                  }
                ],
                "name": "app-http-backend",
                "port": 80,
                "target_group_ids": [
                  "ds7otpl498ukd7j35mgv"
                ],
                "tls": [],
                "weight": 1
              }
            ],
            "id": "ds7chig4vjhcl7hhtn81",
            "labels": {},
            "name": "app-backend-group-new",
            "stream_backend": [],
            "timeouts": null
          },
          "sensitive_attributes": [],
          "private": "eyJlMmJmYjczMC1lY2FhLTExZTYtOGY4OC0zNDM2M2JjN2M0YzAiOnsiY3JlYXRlIjozMDAwMDAwMDAwMDAsImRlbGV0ZSI6MzAwMDAwMDAwMDAwLCJ1cGRhdGUiOjMwMDAwMDAwMDAwMH19",
          "dependencies": [
            "yandex_alb_target_group.app_target_group",
            "yandex_compute_instance.web_server_1",
            "yandex_compute_instance.web_server_2",
            "yandex_vpc_network.app_network",
            "yandex_vpc_security_group.app_sg",
            "yandex_vpc_subnet.app_subnet"
          ]
        }
      ]
    },
    {
      "mode": "managed",
      "type": "yandex_alb_http_router",
      "name": "app_router",
      "provider": "provider[\"terraform-registry.storage.yandexcloud.net/yandex-cloud/yandex\"]",
      "instances": [
        {
          "schema_version": 0,
          "attributes": {
            "created_at": "2025-04-23T09:30:24Z",
            "description": "",
            "folder_id": "b1guhh4d4f99j0neotvs",
            "id": "ds7rbmid35320d4gpt6g",
            "labels": {},
            "name": "app-http-router",
            "timeouts": null
          },
          "sensitive_attributes": [],
          "private": "eyJlMmJmYjczMC1lY2FhLTExZTYtOGY4OC0zNDM2M2JjN2M0YzAiOnsiY3JlYXRlIjozMDAwMDAwMDAwMDAsImRlbGV0ZSI6MzAwMDAwMDAwMDAwLCJ1cGRhdGUiOjMwMDAwMDAwMDAwMH19"
        }
      ]
    },
    {
      "mode": "managed",
      "type": "yandex_alb_target_group",
      "name": "app_target_group",
      "provider": "provider[\"terraform-registry.storage.yandexcloud.net/yandex-cloud/yandex\"]",
      "instances": [
        {
          "schema_version": 0,
          "attributes": {
            "created_at": "2025-04-23T09:31:20Z",
            "description": "",
            "folder_id": "b1guhh4d4f99j0neotvs",
            "id": "ds7otpl498ukd7j35mgv",
            "labels": {},
            "name": "app-target-group",
            "target": [
              {
                "ip_address": "192.168.10.31",
                "private_ipv4_address": false,
                "subnet_id": "e9bobqb1n2k1n6ielihm"
              },
              {
                "ip_address": "192.168.10.11",
                "private_ipv4_address": false,
                "subnet_id": "e9bobqb1n2k1n6ielihm"
              }
            ],
            "timeouts": null
          },
          "sensitive_attributes": [],
          "private": "eyJlMmJmYjczMC1lY2FhLTExZTYtOGY4OC0zNDM2M2JjN2M0YzAiOnsiY3JlYXRlIjozMDAwMDAwMDAwMDAsImRlbGV0ZSI6MzAwMDAwMDAwMDAwLCJ1cGRhdGUiOjMwMDAwMDAwMDAwMH19",
          "dependencies": [
            "yandex_compute_instance.web_server_1",
            "yandex_compute_instance.web_server_2",
            "yandex_vpc_network.app_network",
            "yandex_vpc_security_group.app_sg",
            "yandex_vpc_subnet.app_subnet"
          ]
        }
      ]
    },
    {
      "mode": "managed",
      "type": "yandex_alb_virtual_host",
      "name": "app_virtual_host",
      "provider": "provider[\"terraform-registry.storage.yandexcloud.net/yandex-cloud/yandex\"]",
      "instances": [
        {
          "schema_version": 0,
          "attributes": {
            "authority": [],
            "http_router_id": "ds7rbmid35320d4gpt6g",
            "id": "ds7rbmid35320d4gpt6g/app-virtual-host",
            "modify_request_headers": [],
            "modify_response_headers": [],
            "name": "app-virtual-host",
            "route": [
              {
                "grpc_route": [],
                "http_route": [
                  {
                    "direct_response_action": [],
                    "http_match": [],
                    "http_route_action": [
                      {
                        "auto_host_rewrite": false,
                        "backend_group_id": "ds7chig4vjhcl7hhtn81",
                        "host_rewrite": "",
                        "idle_timeout": "",
                        "prefix_rewrite": "",
                        "timeout": "1m0s",
                        "upgrade_types": []
                      }
                    ],
                    "redirect_action": []
                  }
                ],
                "name": "app-route"
              }
            ],
            "timeouts": null
          },
          "sensitive_attributes": [],
          "private": "eyJlMmJmYjczMC1lY2FhLTExZTYtOGY4OC0zNDM2M2JjN2M0YzAiOnsiY3JlYXRlIjozMDAwMDAwMDAwMDAsImRlbGV0ZSI6MzAwMDAwMDAwMDAwLCJ1cGRhdGUiOjMwMDAwMDAwMDAwMH19",
          "dependencies": [
            "yandex_alb_backend_group.app_backend_group",
            "yandex_alb_http_router.app_router",
            "yandex_alb_target_group.app_target_group",
            "yandex_compute_instance.web_server_1",
            "yandex_compute_instance.web_server_2",
            "yandex_vpc_network.app_network",
            "yandex_vpc_security_group.app_sg",
            "yandex_vpc_subnet.app_subnet"
          ]
        }
      ]
    },
    {
      "mode": "managed",
      "type": "yandex_compute_instance",
      "name": "web_server_1",
      "provider": "provider[\"terraform-registry.storage.yandexcloud.net/yandex-cloud/yandex\"]",
      "instances": [
        {
          "schema_version": 1,
          "attributes": {
            "allow_stopping_for_update": null,
            "boot_disk": [
              {
                "auto_delete": true,
                "device_name": "fhm3dfjegd7o36hbepgn",
                "disk_id": "fhm3dfjegd7o36hbepgn",
                "initialize_params": [
                  {
                    "block_size": 4096,
                    "description": "",
                    "image_id": "fd8kdq6d0p8sij7h5qe3",
                    "name": "",
                    "size": 10,
                    "snapshot_id": "",
                    "type": "network-hdd"
                  }
                ],
                "mode": "READ_WRITE"
              }
            ],
            "created_at": "2025-04-23T09:30:31Z",
            "description": "",
            "folder_id": "b1guhh4d4f99j0neotvs",
            "fqdn": "fhmmbkuafa2bj7q2bi26.auto.internal",
            "hostname": "fhmmbkuafa2bj7q2bi26",
            "id": "fhmmbkuafa2bj7q2bi26",
            "labels": {},
            "metadata": {
              "ssh-keys": "ubuntu:ssh-rsa AAAAB3NzaC1yc2EAAAADAQABAAABAQDj9fjmw7iFutgeUbGxOfWWrss18N/qRBbcxPu6yCEYG4A2L6eIol/4pEpRpfKPkBL5/HtyHh0JJ6zwCicnF3WL/0rcprd6RNkeG1JXAMQ4EyCO7EURdkyxTERqnm08UYkGMSxyhB/luAPPSthoGKDPtc1BlIDCzyX7mwgvYAvZkaiWgJa6+mq4CgT2F+cBsNZ5eiWGl7ayq9e/G1OmavPERwszXh91lWS0NkxAAsP2BxuuuEESlHMRKriTdNz0sW1mQ42J6SlgFAAThyoThjS1VXkXv0rd03w6agvzmX1WXvjz5oe27AY/efCekLitzR5aTaeMy0LH2iTgWO9DUbNV enterra\n",
              "user-data": "#!/bin/bash\napt-get update\napt-get install -y nginx\n      \n# Создаем HTML-файл с приветствием на разных языках\ncat \u003e /var/www/html/index.html \u003c\u003c 'EOL'\n\u003c!DOCTYPE html\u003e\n\u003chtml\u003e\n\u003chead\u003e\n  \u003cmeta charset=\"UTF-8\"\u003e\n  \u003ctitle\u003eHello World\u003c/title\u003e\n  \u003cstyle\u003e\n    body {\n      font-family: Arial, sans-serif;\n      margin: 0;\n      padding: 20px;\n      display: flex;\n      justify-content: center;\n      align-items: center;\n      height: 100vh;\n      background-color: #f5f5f5;\n    }\n    .container {\n      text-align: center;\n      padding: 40px;\n      background-color: white;\n      border-radius: 10px;\n      box-shadow: 0 4px 8px rgba(0, 0, 0, 0.1);\n    }\n    h1 {\n      color: #333;\n      font-size: 3em;\n      margin-bottom: 10px;\n    }\n    p {\n      color: #666;\n      font-size: 1.2em;\n    }\n    .server-info {\n      margin-top: 20px;\n      padding: 10px;\n      background-color: #f0f0f0;\n      border-radius: 5px;\n    }\n  \u003c/style\u003e\n\u003c/head\u003e\n\u003cbody\u003e\n  \u003cdiv class=\"container\"\u003e\n    \u003ch1 id=\"greeting\"\u003eHello World!\u003c/h1\u003e\n    \u003cp id=\"welcome\"\u003eWelcome to our website!\u003c/p\u003e\n    \u003cdiv class=\"server-info\"\u003e\n      \u003cp\u003eServer: Web Server 1\u003c/p\u003e\n      \u003cp\u003eHostname: $(hostname)\u003c/p\u003e\n      \u003cp\u003eIP: $(hostname -I | awk '{print $1}')\u003c/p\u003e\n    \u003c/div\u003e\n  \u003c/div\u003e\n        \n  \u003cscript\u003e\n    // Определение языка браузера\n    const userLang = navigator.language || navigator.userLanguage;\n    const greetingElement = document.getElementById('greeting');\n    const welcomeElement = document.getElementById('welcome');\n          \n    // Приветствия на разных языках\n    const greetings = {\n      'ru': 'Привет, мир!',\n      'en': 'Hello World!',\n      'es': '¡Hola Mundo!',\n      'fr': 'Bonjour le monde!',\n      'de': 'Hallo Welt!',\n      'it': 'Ciao Mondo!',\n      'zh': '你好，世界！',\n      'ja': 'こんにちは世界！'\n    };\n          \n    const welcomeMessages = {\n      'ru': 'Добро пожаловать на наш сайт!',\n      'en': 'Welcome to our website!',\n      'es': '¡Bienvenido a nuestro sitio web!',\n      'fr': 'Bienvenue sur notre site!',\n      'de': 'Willkommen auf unserer Website!',\n      'it': 'Benvenuto nel nostro sito web!',\n      'zh': '欢迎访问我们的网站！',\n      'ja': '私たちのウェブサイトへようこそ！'\n    };\n          \n    // Получаем код языка (первые 2 символа)\n    const langCode = userLang.substring(0, 2);\n          \n    // Устанавливаем приветствие на языке пользователя или на английском по умолчанию\n    greetingElement.textContent = greetings[langCode] || greetings['en'];\n    welcomeElement.textContent = welcomeMessages[langCode] || welcomeMessages['en'];\n  \u003c/script\u003e\n\u003c/body\u003e\n\u003c/html\u003e\nEOL\n      \n# Перезапускаем Nginx\nsystemctl restart nginx\n"
            },
            "name": "web-server-1",
            "network_acceleration_type": "standard",
            "network_interface": [
              {
                "dns_record": [],
                "index": 0,
                "ip_address": "192.168.10.31",
                "ipv4": true,
                "ipv6": false,
                "ipv6_address": "",
                "ipv6_dns_record": [],
                "mac_address": "d0:0d:16:5d:3c:a7",
                "nat": true,
                "nat_dns_record": [],
                "nat_ip_address": "51.250.8.96",
                "nat_ip_version": "IPV4",
                "security_group_ids": [
                  "enpiioaaua4du3dqtp84"
                ],
                "subnet_id": "e9bobqb1n2k1n6ielihm"
              }
            ],
            "placement_policy": [
              {
                "placement_group_id": ""
              }
            ],
            "platform_id": "standard-v1",
            "resources": [
              {
                "core_fraction": 100,
                "cores": 2,
                "gpus": 0,
                "memory": 2
              }
            ],
            "scheduling_policy": [
              {
                "preemptible": false
              }
            ],
            "secondary_disk": [],
            "service_account_id": "",
            "status": "running",
            "timeouts": null,
            "zone": "ru-central1-a"
          },
          "sensitive_attributes": [],
          "private": "eyJlMmJmYjczMC1lY2FhLTExZTYtOGY4OC0zNDM2M2JjN2M0YzAiOnsiY3JlYXRlIjozMDAwMDAwMDAwMDAsImRlbGV0ZSI6MzAwMDAwMDAwMDAwLCJ1cGRhdGUiOjMwMDAwMDAwMDAwMH0sInNjaGVtYV92ZXJzaW9uIjoiMSJ9",
          "dependencies": [
            "yandex_vpc_network.app_network",
            "yandex_vpc_security_group.app_sg",
            "yandex_vpc_subnet.app_subnet"
          ]
        }
      ]
    },
    {
      "mode": "managed",
      "type": "yandex_compute_instance",
      "name": "web_server_2",
      "provider": "provider[\"terraform-registry.storage.yandexcloud.net/yandex-cloud/yandex\"]",
      "instances": [
        {
          "schema_version": 1,
          "attributes": {
            "allow_stopping_for_update": null,
            "boot_disk": [
              {
                "auto_delete": true,
                "device_name": "fhma7qj4mhgqml084hqe",
                "disk_id": "fhma7qj4mhgqml084hqe",
                "initialize_params": [
                  {
                    "block_size": 4096,
                    "description": "",
                    "image_id": "fd8kdq6d0p8sij7h5qe3",
                    "name": "",
                    "size": 10,
                    "snapshot_id": "",
                    "type": "network-hdd"
                  }
                ],
                "mode": "READ_WRITE"
              }
            ],
            "created_at": "2025-04-23T09:30:31Z",
            "description": "",
            "folder_id": "b1guhh4d4f99j0neotvs",
            "fqdn": "fhmcg13lcjnau7p43di2.auto.internal",
            "hostname": "fhmcg13lcjnau7p43di2",
            "id": "fhmcg13lcjnau7p43di2",
            "labels": {},
            "metadata": {
              "ssh-keys": "ubuntu:ssh-rsa AAAAB3NzaC1yc2EAAAADAQABAAABAQDj9fjmw7iFutgeUbGxOfWWrss18N/qRBbcxPu6yCEYG4A2L6eIol/4pEpRpfKPkBL5/HtyHh0JJ6zwCicnF3WL/0rcprd6RNkeG1JXAMQ4EyCO7EURdkyxTERqnm08UYkGMSxyhB/luAPPSthoGKDPtc1BlIDCzyX7mwgvYAvZkaiWgJa6+mq4CgT2F+cBsNZ5eiWGl7ayq9e/G1OmavPERwszXh91lWS0NkxAAsP2BxuuuEESlHMRKriTdNz0sW1mQ42J6SlgFAAThyoThjS1VXkXv0rd03w6agvzmX1WXvjz5oe27AY/efCekLitzR5aTaeMy0LH2iTgWO9DUbNV enterra\n",
              "user-data": "#!/bin/bash\napt-get update\napt-get install -y nginx\n      \n# Создаем HTML-файл с приветствием на разных языках\ncat \u003e /var/www/html/index.html \u003c\u003c 'EOL'\n\u003c!DOCTYPE html\u003e\n\u003chtml\u003e\n\u003chead\u003e\n  \u003cmeta charset=\"UTF-8\"\u003e\n  \u003ctitle\u003eHello World\u003c/title\u003e\n  \u003cstyle\u003e\n    body {\n      font-family: Arial, sans-serif;\n      margin: 0;\n      padding: 20px;\n      display: flex;\n      justify-content: center;\n      align-items: center;\n      height: 100vh;\n      background-color: #f5f5f5;\n    }\n    .container {\n      text-align: center;\n      padding: 40px;\n      background-color: white;\n      border-radius: 10px;\n      box-shadow: 0 4px 8px rgba(0, 0, 0, 0.1);\n    }\n    h1 {\n      color: #333;\n      font-size: 3em;\n      margin-bottom: 10px;\n    }\n    p {\n      color: #666;\n      font-size: 1.2em;\n    }\n    .server-info {\n      margin-top: 20px;\n      padding: 10px;\n      background-color: #f0f0f0;\n      border-radius: 5px;\n    }\n  \u003c/style\u003e\n\u003c/head\u003e\n\u003cbody\u003e\n  \u003cdiv class=\"container\"\u003e\n    \u003ch1 id=\"greeting\"\u003eHello World!\u003c/h1\u003e\n    \u003cp id=\"welcome\"\u003eWelcome to our website!\u003c/p\u003e\n    \u003cdiv class=\"server-info\"\u003e\n      \u003cp\u003eServer: Web Server 2\u003c/p\u003e\n      \u003cp\u003eHostname: $(hostname)\u003c/p\u003e\n      \u003cp\u003eIP: $(hostname -I | awk '{print $1}')\u003c/p\u003e\n    \u003c/div\u003e\n  \u003c/div\u003e\n        \n  \u003cscript\u003e\n    // Определение языка браузера\n    const userLang = navigator.language || navigator.userLanguage;\n    const greetingElement = document.getElementById('greeting');\n    const welcomeElement = document.getElementById('welcome');\n          \n    // Приветствия на разных языках\n    const greetings = {\n      'ru': 'Привет, мир!',\n      'en': 'Hello World!',\n      'es': '¡Hola Mundo!',\n      'fr': 'Bonjour le monde!',\n      'de': 'Hallo Welt!',\n      'it': 'Ciao Mondo!',\n      'zh': '你好，世界！',\n      'ja': 'こんにちは世界！'\n    };\n          \n    const welcomeMessages = {\n      'ru': 'Добро пожаловать на наш сайт!',\n      'en': 'Welcome to our website!',\n      'es': '¡Bienvenido a nuestro sitio web!',\n      'fr': 'Bienvenue sur notre site!',\n      'de': 'Willkommen auf unserer Website!',\n      'it': 'Benvenuto nel nostro sito web!',\n      'zh': '欢迎访问我们的网站！',\n      'ja': '私たちのウェブサイトへようこそ！'\n    };\n          \n    // Получаем код языка (первые 2 символа)\n    const langCode = userLang.substring(0, 2);\n          \n    // Устанавливаем приветствие на языке пользователя или на английском по умолчанию\n    greetingElement.textContent = greetings[langCode] || greetings['en'];\n    welcomeElement.textContent = welcomeMessages[langCode] || welcomeMessages['en'];\n  \u003c/script\u003e\n\u003c/body\u003e\n\u003c/html\u003e\nEOL\n      \n# Перезапускаем Nginx\nsystemctl restart nginx\n"
            },
            "name": "web-server-2",
            "network_acceleration_type": "standard",
            "network_interface": [
              {
                "dns_record": [],
                "index": 0,
                "ip_address": "192.168.10.11",
                "ipv4": true,
                "ipv6": false,
                "ipv6_address": "",
                "ipv6_dns_record": [],
                "mac_address": "d0:0d:c8:04:75:64",
                "nat": true,
                "nat_dns_record": [],
                "nat_ip_address": "158.160.119.150",
                "nat_ip_version": "IPV4",
                "security_group_ids": [
                  "enpiioaaua4du3dqtp84"
                ],
                "subnet_id": "e9bobqb1n2k1n6ielihm"
              }
            ],
            "placement_policy": [
              {
                "placement_group_id": ""
              }
            ],
            "platform_id": "standard-v1",
            "resources": [
              {
                "core_fraction": 100,
                "cores": 2,
                "gpus": 0,
                "memory": 2
              }
            ],
            "scheduling_policy": [
              {
                "preemptible": false
              }
            ],
            "secondary_disk": [],
            "service_account_id": "",
            "status": "running",
            "timeouts": null,
            "zone": "ru-central1-a"
          },
          "sensitive_attributes": [],
          "private": "eyJlMmJmYjczMC1lY2FhLTExZTYtOGY4OC0zNDM2M2JjN2M0YzAiOnsiY3JlYXRlIjozMDAwMDAwMDAwMDAsImRlbGV0ZSI6MzAwMDAwMDAwMDAwLCJ1cGRhdGUiOjMwMDAwMDAwMDAwMH0sInNjaGVtYV92ZXJzaW9uIjoiMSJ9",
          "dependencies": [
            "yandex_vpc_network.app_network",
            "yandex_vpc_security_group.app_sg",
            "yandex_vpc_subnet.app_subnet"
          ]
        }
      ]
    },
    {
      "mode": "managed",
      "type": "yandex_vpc_network",
      "name": "app_network",
      "provider": "provider[\"terraform-registry.storage.yandexcloud.net/yandex-cloud/yandex\"]",
      "instances": [
        {
          "schema_version": 0,
          "attributes": {
            "created_at": "2025-04-23T09:30:24Z",
            "default_security_group_id": "enpbhvme5kkihg0jarfm",
            "description": "",
            "folder_id": "b1guhh4d4f99j0neotvs",
            "id": "enpk32d6cppf39ekk3rd",
            "labels": {},
            "name": "app-network",
            "subnet_ids": [
              "e9bobqb1n2k1n6ielihm"
            ],
            "timeouts": null
          },
          "sensitive_attributes": [],
          "private": "eyJlMmJmYjczMC1lY2FhLTExZTYtOGY4OC0zNDM2M2JjN2M0YzAiOnsiY3JlYXRlIjo2MDAwMDAwMDAwMCwiZGVsZXRlIjo2MDAwMDAwMDAwMCwidXBkYXRlIjo2MDAwMDAwMDAwMH19"
        }
      ]
    },
    {
      "mode": "managed",
      "type": "yandex_vpc_security_group",
      "name": "app_sg",
      "provider": "provider[\"terraform-registry.storage.yandexcloud.net/yandex-cloud/yandex\"]",
      "instances": [
        {
          "schema_version": 0,
          "attributes": {
            "created_at": "2025-04-23T09:30:30Z",
            "description": "",
            "egress": [
              {
                "description": "",
                "from_port": -1,
                "id": "enp9c3s8vi36eodnjr52",
                "labels": {},
                "port": -1,
                "predefined_target": "",
                "protocol": "ANY",
                "security_group_id": "",
                "to_port": -1,
                "v4_cidr_blocks": [
                  "0.0.0.0/0"
                ],
                "v6_cidr_blocks": []
              }
            ],
            "folder_id": "b1guhh4d4f99j0neotvs",
            "id": "enpiioaaua4du3dqtp84",
            "ingress": [
              {
                "description": "",
                "from_port": -1,
                "id": "enp1i5hjkqs03qa4rmt5",
                "labels": {},
                "port": 22,
                "predefined_target": "",
                "protocol": "TCP",
                "security_group_id": "",
                "to_port": -1,
                "v4_cidr_blocks": [
                  "0.0.0.0/0"
                ],
                "v6_cidr_blocks": []
              },
              {
                "description": "",
                "from_port": -1,
                "id": "enpa80l24fgcf6338hl3",
                "labels": {},
                "port": 443,
                "predefined_target": "",
                "protocol": "TCP",
                "security_group_id": "",
                "to_port": -1,
                "v4_cidr_blocks": [
                  "0.0.0.0/0"
                ],
                "v6_cidr_blocks": []
              },
              {
                "description": "",
                "from_port": -1,
                "id": "enpeuj7m31ujigr794du",
                "labels": {},
                "port": 80,
                "predefined_target": "",
                "protocol": "TCP",
                "security_group_id": "",
                "to_port": -1,
                "v4_cidr_blocks": [
                  "0.0.0.0/0"
                ],
                "v6_cidr_blocks": []
              },
              {
                "description": "All traffic from subnet",
                "from_port": -1,
                "id": "enp8njhbjrt3ol4lh446",
                "labels": {},
                "port": -1,
                "predefined_target": "",
                "protocol": "ANY",
                "security_group_id": "",
                "to_port": -1,
                "v4_cidr_blocks": [
                  "192.168.10.0/24"
                ],
                "v6_cidr_blocks": []
              },
              {
                "description": "Healthchecks from Yandex Cloud",
                "from_port": -1,
                "id": "enpe3ihlf9pstij1i2d2",
                "labels": {},
                "port": 80,
                "predefined_target": "",
                "protocol": "TCP",
                "security_group_id": "",
                "to_port": -1,
                "v4_cidr_blocks": [
                  "198.18.235.0/24",
                  "198.18.248.0/24",
                  "172.16.0.0/12",
                  "10.0.0.0/8",
                  "192.168.0.0/16"
                ],
                "v6_cidr_blocks": []
              }
            ],
            "labels": {},
            "name": "app-sg",
            "network_id": "enpk32d6cppf39ekk3rd",
            "status": "ACTIVE",
            "timeouts": null
          },
          "sensitive_attributes": [],
          "private": "eyJlMmJmYjczMC1lY2FhLTExZTYtOGY4OC0zNDM2M2JjN2M0YzAiOnsiY3JlYXRlIjoxODAwMDAwMDAwMDAsImRlbGV0ZSI6MTgwMDAwMDAwMDAwLCJ1cGRhdGUiOjE4MDAwMDAwMDAwMH19",
          "dependencies": [
            "yandex_vpc_network.app_network",
            "yandex_vpc_subnet.app_subnet"
          ]
        }
      ]
    },
    {
      "mode": "managed",
      "type": "yandex_vpc_subnet",
      "name": "app_subnet",
      "provider": "provider[\"terraform-registry.storage.yandexcloud.net/yandex-cloud/yandex\"]",
      "instances": [
        {
          "schema_version": 0,
          "attributes": {
            "created_at": "2025-04-23T09:30:27Z",
            "description": "",
            "dhcp_options": [],
            "folder_id": "b1guhh4d4f99j0neotvs",
            "id": "e9bobqb1n2k1n6ielihm",
            "labels": {},
            "name": "app-subnet",
            "network_id": "enpk32d6cppf39ekk3rd",
            "route_table_id": "",
            "timeouts": null,
            "v4_cidr_blocks": [
              "192.168.10.0/24"
            ],
            "v6_cidr_blocks": [],
            "zone": "ru-central1-a"
          },
          "sensitive_attributes": [],
          "private": "eyJlMmJmYjczMC1lY2FhLTExZTYtOGY4OC0zNDM2M2JjN2M0YzAiOnsiY3JlYXRlIjoxODAwMDAwMDAwMDAsImRlbGV0ZSI6MTgwMDAwMDAwMDAwLCJ1cGRhdGUiOjE4MDAwMDAwMDAwMH19",
          "dependencies": [
            "yandex_vpc_network.app_network"
          ]
        }
      ]
    }
  ],
  "check_results": null
}
